{
  "name": "shopfloor",
  "version": "1.0.0",
  "lockfileVersion": 3,
  "requires": true,
  "packages": {
    "": {
      "name": "shopfloor",
      "version": "1.0.0",
      "license": "ISC",
      "dependencies": {
        "daisyui": "^5.6.6"
      },
      "devDependencies": {}
    },
    "node_modules/daisyui": {
      "version": "5.6.6",
      "resolved": "https://registry.npmjs.org/daisyui/-/daisyui-5.6.6.tgz",
      "integrity": "sha512-UFiuIZYucF7ylrnY3PT1SqwaEbVB10mqTZRyeRchZk0bud+HihYLLhXdxGDVmR/ftrM9G9YVr9FFPRVVIZJ5hA==",
      "license": "MIT",
      "funding": {
        "url": "https://github.com/saadeghi/daisyui?sponsor=1"
      }
    }
  }
}
